// !$*UTF8*$!
{
	archiveVersion = 1;
	classes = {
	};
	objectVersion = 56;
	objects = {

/* Begin PBXBuildFile section */
		AC7F2A762C5758EE006BF014 /* AppDelegate.swift in Sources */ = {isa = PBXBuildFile; fileRef = AC7F2A752C5758EE006BF014 /* AppDelegate.swift */; };
		AC7F2A7A2C5758EE006BF014 /* MovieViewController.swift in Sources */ = {isa = PBXBuildFile; fileRef = AC7F2A792C5758EE006BF014 /* MovieViewController.swift */; };
		AC7F2A7D2C5758EE006BF014 /* Main.storyboard in Resources */ = {isa = PBXBuildFile; fileRef = AC7F2A7B2C5758EE006BF014 /* Main.storyboard */; };
		AC7F2A7F2C5758F1006BF014 /* Assets.xcassets in Resources */ = {isa = PBXBuildFile; fileRef = AC7F2A7E2C5758F1006BF014 /* Assets.xcassets */; };
		AC7F2A822C5758F1006BF014 /* LaunchScreen.storyboard in Resources */ = {isa = PBXBuildFile; fileRef = AC7F2A802C5758F1006BF014 /* LaunchScreen.storyboard */; };
		AC8B33FB2C57AED4006EA2E4 /* NetworkManager.swift in Sources */ = {isa = PBXBuildFile; fileRef = AC8B33FA2C57AED3006EA2E4 /* NetworkManager.swift */; };
		AC8B33FD2C57B065006EA2E4 /* MovieModel.swift in Sources */ = {isa = PBXBuildFile; fileRef = AC8B33FC2C57B065006EA2E4 /* MovieModel.swift */; };
		AC8B34002C57B209006EA2E4 /* MovieTableViewCell.swift in Sources */ = {isa = PBXBuildFile; fileRef = AC8B33FE2C57B209006EA2E4 /* MovieTableViewCell.swift */; };
		AC8B34012C57B209006EA2E4 /* MovieTableViewCell.xib in Resources */ = {isa = PBXBuildFile; fileRef = AC8B33FF2C57B209006EA2E4 /* MovieTableViewCell.xib */; };
/* End PBXBuildFile section */

/* Begin PBXContainerItemProxy section */
		AC7F2A892C5758F1006BF014 /* PBXContainerItemProxy */ = {
			isa = PBXContainerItemProxy;
			containerPortal = AC7F2A6A2C5758EE006BF014 /* Project object */;
			proxyType = 1;
			remoteGlobalIDString = AC7F2A712C5758EE006BF014;
			remoteInfo = XibProject;
		};
		AC7F2A932C5758F1006BF014 /* PBXContainerItemProxy */ = {
			isa = PBXContainerItemProxy;
			containerPortal = AC7F2A6A2C5758EE006BF014 /* Project object */;
			proxyType = 1;
			remoteGlobalIDString = AC7F2A712C5758EE006BF014;
			remoteInfo = XibProject;
		};
/* End PBXContainerItemProxy section */

/* Begin PBXFileReference section */
		AC7F2A722C5758EE006BF014 /* XibProject.app */ = {isa = PBXFileReference; explicitFileType = wrapper.application; includeInIndex = 0; path = XibProject.app; sourceTree = BUILT_PRODUCTS_DIR; };
		AC7F2A752C5758EE006BF014 /* AppDelegate.swift */ = {isa = PBXFileReference; lastKnownFileType = sourcecode.swift; path = AppDelegate.swift; sourceTree = "<group>"; };
		AC7F2A792C5758EE006BF014 /* MovieViewController.swift */ = {isa = PBXFileReference; lastKnownFileType = sourcecode.swift; path = MovieViewController.swift; sourceTree = "<group>"; };
		AC7F2A7C2C5758EE006BF014 /* Base */ = {isa = PBXFileReference; lastKnownFileType = file.storyboard; name = Base; path = Base.lproj/Main.storyboard; sourceTree = "<group>"; };
		AC7F2A7E2C5758F1006BF014 /* Assets.xcassets */ = {isa = PBXFileReference; lastKnownFileType = folder.assetcatalog; path = Assets.xcassets; sourceTree = "<group>"; };
		AC7F2A812C5758F1006BF014 /* Base */ = {isa = PBXFileReference; lastKnownFileType = file.storyboard; name = Base; path = Base.lproj/LaunchScreen.storyboard; sourceTree = "<group>"; };
		AC7F2A832C5758F1006BF014 /* Info.plist */ = {isa = PBXFileReference; lastKnownFileType = text.plist.xml; path = Info.plist; sourceTree = "<group>"; };
		AC7F2A882C5758F1006BF014 /* XibProjectTests.xctest */ = {isa = PBXFileReference; explicitFileType = wrapper.cfbundle; includeInIndex = 0; path = XibProjectTests.xctest; sourceTree = BUILT_PRODUCTS_DIR; };
		AC7F2A922C5758F1006BF014 /* XibProjectUITests.xctest */ = {isa = PBXFileReference; explicitFileType = wrapper.cfbundle; includeInIndex = 0; path = XibProjectUITests.xctest; sourceTree = BUILT_PRODUCTS_DIR; };
		AC8B33FA2C57AED3006EA2E4 /* NetworkManager.swift */ = {isa = PBXFileReference; lastKnownFileType = sourcecode.swift; path = NetworkManager.swift; sourceTree = "<group>"; };
		AC8B33FC2C57B065006EA2E4 /* MovieModel.swift */ = {isa = PBXFileReference; lastKnownFileType = sourcecode.swift; path = MovieModel.swift; sourceTree = "<group>"; };
		AC8B33FE2C57B209006EA2E4 /* MovieTableViewCell.swift */ = {isa = PBXFileReference; lastKnownFileType = sourcecode.swift; path = MovieTableViewCell.swift; sourceTree = "<group>"; };
		AC8B33FF2C57B209006EA2E4 /* MovieTableViewCell.xib */ = {isa = PBXFileReference; lastKnownFileType = file.xib; path = MovieTableViewCell.xib; sourceTree = "<group>"; };
/* End PBXFileReference section */

/* Begin PBXFrameworksBuildPhase section */
		AC7F2A6F2C5758EE006BF014 /* Frameworks */ = {
			isa = PBXFrameworksBuildPhase;
			buildActionMask = 2147483647;
			files = (
			);
			runOnlyForDeploymentPostprocessing = 0;
		};
		AC7F2A852C5758F1006BF014 /* Frameworks */ = {
			isa = PBXFrameworksBuildPhase;
			buildActionMask = 2147483647;
			files = (
			);
			runOnlyForDeploymentPostprocessing = 0;
		};
		AC7F2A8F2C5758F1006BF014 /* Frameworks */ = {
			isa = PBXFrameworksBuildPhase;
			buildActionMask = 2147483647;
			files = (
			);
			runOnlyForDeploymentPostprocessing = 0;
		};
/* End PBXFrameworksBuildPhase section */

/* Begin PBXGroup section */
		AC7F2A692C5758EE006BF014 = {
			isa = PBXGroup;
			children = (
				AC7F2A742C5758EE006BF014 /* XibProject */,
				AC7F2A732C5758EE006BF014 /* Products */,
			);
			sourceTree = "<group>";
		};
		AC7F2A732C5758EE006BF014 /* Products */ = {
			isa = PBXGroup;
			children = (
				AC7F2A722C5758EE006BF014 /* XibProject.app */,
				AC7F2A882C5758F1006BF014 /* XibProjectTests.xctest */,
				AC7F2A922C5758F1006BF014 /* XibProjectUITests.xctest */,
			);
			name = Products;
			sourceTree = "<group>";
		};
		AC7F2A742C5758EE006BF014 /* XibProject */ = {
			isa = PBXGroup;
			children = (
				AC7F2A752C5758EE006BF014 /* AppDelegate.swift */,
				AC7F2A792C5758EE006BF014 /* MovieViewController.swift */,
				AC8B33FE2C57B209006EA2E4 /* MovieTableViewCell.swift */,
				AC8B33FF2C57B209006EA2E4 /* MovieTableViewCell.xib */,
				AC8B33FC2C57B065006EA2E4 /* MovieModel.swift */,
				AC7F2A7B2C5758EE006BF014 /* Main.storyboard */,
				AC7F2A7E2C5758F1006BF014 /* Assets.xcassets */,
				AC7F2A802C5758F1006BF014 /* LaunchScreen.storyboard */,
				AC8B33FA2C57AED3006EA2E4 /* NetworkManager.swift */,
				AC7F2A832C5758F1006BF014 /* Info.plist */,
			);
			path = XibProject;
			sourceTree = "<group>";
		};
/* End PBXGroup section */

/* Begin PBXNativeTarget section */
		AC7F2A712C5758EE006BF014 /* XibProject */ = {
			isa = PBXNativeTarget;
			buildConfigurationList = AC7F2A9C2C5758F1006BF014 /* Build configuration list for PBXNativeTarget "XibProject" */;
			buildPhases = (
				AC7F2A6E2C5758EE006BF014 /* Sources */,
				AC7F2A6F2C5758EE006BF014 /* Frameworks */,
				AC7F2A702C5758EE006BF014 /* Resources */,
			);
			buildRules = (
			);
			dependencies = (
			);
			name = XibProject;
			productName = XibProject;
			productReference = AC7F2A722C5758EE006BF014 /* XibProject.app */;
			productType = "com.apple.product-type.application";
		};
		AC7F2A872C5758F1006BF014 /* XibProjectTests */ = {
			isa = PBXNativeTarget;
			buildConfigurationList = AC7F2A9F2C5758F1006BF014 /* Build configuration list for PBXNativeTarget "XibProjectTests" */;
			buildPhases = (
				AC7F2A842C5758F1006BF014 /* Sources */,
				AC7F2A852C5758F1006BF014 /* Frameworks */,
				AC7F2A862C5758F1006BF014 /* Resources */,
			);
			buildRules = (
			);
			dependencies = (
				AC7F2A8A2C5758F1006BF014 /* PBXTargetDependency */,
			);
			name = XibProjectTests;
			productName = XibProjectTests;
			productReference = AC7F2A882C5758F1006BF014 /* XibProjectTests.xctest */;
			productType = "com.apple.product-type.bundle.unit-test";
		};
		AC7F2A912C5758F1006BF014 /* XibProjectUITests */ = {
			isa = PBXNativeTarget;
			buildConfigurationList = AC7F2AA22C5758F1006BF014 /* Build configuration list for PBXNativeTarget "XibProjectUITests" */;
			buildPhases = (
				AC7F2A8E2C5758F1006BF014 /* Sources */,
				AC7F2A8F2C5758F1006BF014 /* Frameworks */,
				AC7F2A902C5758F1006BF014 /* Resources */,
			);
			buildRules = (
			);
			dependencies = (
				AC7F2A942C5758F1006BF014 /* PBXTargetDependency */,
			);
			name = XibProjectUITests;
			productName = XibProjectUITests;
			productReference = AC7F2A922C5758F1006BF014 /* XibProjectUITests.xctest */;
			productType = "com.apple.product-type.bundle.ui-testing";
		};
/* End PBXNativeTarget section */

/* Begin PBXProject section */
		AC7F2A6A2C5758EE006BF014 /* Project object */ = {
			isa = PBXProject;
			attributes = {
				BuildIndependentTargetsInParallel = 1;
				LastSwiftUpdateCheck = 1430;
				LastUpgradeCheck = 1430;
				TargetAttributes = {
					AC7F2A712C5758EE006BF014 = {
						CreatedOnToolsVersion = 14.3.1;
					};
					AC7F2A872C5758F1006BF014 = {
						CreatedOnToolsVersion = 14.3.1;
						TestTargetID = AC7F2A712C5758EE006BF014;
					};
					AC7F2A912C5758F1006BF014 = {
						CreatedOnToolsVersion = 14.3.1;
						TestTargetID = AC7F2A712C5758EE006BF014;
					};
				};
			};
			buildConfigurationList = AC7F2A6D2C5758EE006BF014 /* Build configuration list for PBXProject "XibProject" */;
			compatibilityVersion = "Xcode 14.0";
			developmentRegion = en;
			hasScannedForEncodings = 0;
			knownRegions = (
				en,
				Base,
			);
			mainGroup = AC7F2A692C5758EE006BF014;
			productRefGroup = AC7F2A732C5758EE006BF014 /* Products */;
			projectDirPath = "";
			projectRoot = "";
			targets = (
				AC7F2A712C5758EE006BF014 /* XibProject */,
				AC7F2A872C5758F1006BF014 /* XibProjectTests */,
				AC7F2A912C5758F1006BF014 /* XibProjectUITests */,
			);
		};
/* End PBXProject section */

/* Begin PBXResourcesBuildPhase section */
		AC7F2A702C5758EE006BF014 /* Resources */ = {
			isa = PBXResourcesBuildPhase;
			buildActionMask = 2147483647;
			files = (
				AC7F2A822C5758F1006BF014 /* LaunchScreen.storyboard in Resources */,
				AC7F2A7F2C5758F1006BF014 /* Assets.xcassets in Resources */,
				AC8B34012C57B209006EA2E4 /* MovieTableViewCell.xib in Resources */,
				AC7F2A7D2C5758EE006BF014 /* Main.storyboard in Resources */,
			);
			runOnlyForDeploymentPostprocessing = 0;
		};
		AC7F2A862C5758F1006BF014 /* Resources */ = {
			isa = PBXResourcesBuildPhase;
			buildActionMask = 2147483647;
			files = (
			);
			runOnlyForDeploymentPostprocessing = 0;
		};
		AC7F2A902C5758F1006BF014 /* Resources */ = {
			isa = PBXResourcesBuildPhase;
			buildActionMask = 2147483647;
			files = (
			);
			runOnlyForDeploymentPostprocessing = 0;
		};
/* End PBXResourcesBuildPhase section */

/* Begin PBXSourcesBuildPhase section */
		AC7F2A6E2C5758EE006BF014 /* Sources */ = {
			isa = PBXSourcesBuildPhase;
			buildActionMask = 2147483647;
			files = (
				AC8B33FB2C57AED4006EA2E4 /* NetworkManager.swift in Sources */,
				AC7F2A7A2C5758EE006BF014 /* MovieViewController.swift in Sources */,
				AC8B34002C57B209006EA2E4 /* MovieTableViewCell.swift in Sources */,
				AC8B33FD2C57B065006EA2E4 /* MovieModel.swift in Sources */,
				AC7F2A762C5758EE006BF014 /* AppDelegate.swift in Sources */,
			);
			runOnlyForDeploymentPostprocessing = 0;
		};
		AC7F2A842C5758F1006BF014 /* Sources */ = {
			isa = PBXSourcesBuildPhase;
			buildActionMask = 2147483647;
			files = (
			);
			runOnlyForDeploymentPostprocessing = 0;
		};
		AC7F2A8E2C5758F1006BF014 /* Sources */ = {
			isa = PBXSourcesBuildPhase;
			buildActionMask = 2147483647;
			files = (
			);
			runOnlyForDeploymentPostprocessing = 0;
		};
/* End PBXSourcesBuildPhase section */

/* Begin PBXTargetDependency section */
		AC7F2A8A2C5758F1006BF014 /* PBXTargetDependency */ = {
			isa = PBXTargetDependency;
			target = AC7F2A712C5758EE006BF014 /* XibProject */;
			targetProxy = AC7F2A892C5758F1006BF014 /* PBXContainerItemProxy */;
		};
		AC7F2A942C5758F1006BF014 /* PBXTargetDependency */ = {
			isa = PBXTargetDependency;
			target = AC7F2A712C5758EE006BF014 /* XibProject */;
			targetProxy = AC7F2A932C5758F1006BF014 /* PBXContainerItemProxy */;
		};
/* End PBXTargetDependency section */

/* Begin PBXVariantGroup section */
		AC7F2A7B2C5758EE006BF014 /* Main.storyboard */ = {
			isa = PBXVariantGroup;
			children = (
				AC7F2A7C2C5758EE006BF014 /* Base */,
			);
			name = Main.storyboard;
			sourceTree = "<group>";
		};
		AC7F2A802C5758F1006BF014 /* LaunchScreen.storyboard */ = {
			isa = PBXVariantGroup;
			children = (
				AC7F2A812C5758F1006BF014 /* Base */,
			);
			name = LaunchScreen.storyboard;
			sourceTree = "<group>";
		};
/* End PBXVariantGroup section */

/* Begin XCBuildConfiguration section */
		AC7F2A9A2C5758F1006BF014 /* Debug */ = {
			isa = XCBuildConfiguration;
			buildSettings = {
				ALWAYS_SEARCH_USER_PATHS = NO;
				CLANG_ANALYZER_NONNULL = YES;
				CLANG_ANALYZER_NUMBER_OBJECT_CONVERSION = YES_AGGRESSIVE;
				CLANG_CXX_LANGUAGE_STANDARD = "gnu++20";
				CLANG_ENABLE_MODULES = YES;
				CLANG_ENABLE_OBJC_ARC = YES;
				CLANG_ENABLE_OBJC_WEAK = YES;
				CLANG_WARN_BLOCK_CAPTURE_AUTORELEASING = YES;
				CLANG_WARN_BOOL_CONVERSION = YES;
				CLANG_WARN_COMMA = YES;
				CLANG_WARN_CONSTANT_CONVERSION = YES;
				CLANG_WARN_DEPRECATED_OBJC_IMPLEMENTATIONS = YES;
				CLANG_WARN_DIRECT_OBJC_ISA_USAGE = YES_ERROR;
				CLANG_WARN_DOCUMENTATION_COMMENTS = YES;
				CLANG_WARN_EMPTY_BODY = YES;
				CLANG_WARN_ENUM_CONVERSION = YES;
				CLANG_WARN_INFINITE_RECURSION = YES;
				CLANG_WARN_INT_CONVERSION = YES;
				CLANG_WARN_NON_LITERAL_NULL_CONVERSION = YES;
				CLANG_WARN_OBJC_IMPLICIT_RETAIN_SELF = YES;
				CLANG_WARN_OBJC_LITERAL_CONVERSION = YES;
				CLANG_WARN_OBJC_ROOT_CLASS = YES_ERROR;
				CLANG_WARN_QUOTED_INCLUDE_IN_FRAMEWORK_HEADER = YES;
				CLANG_WARN_RANGE_LOOP_ANALYSIS = YES;
				CLANG_WARN_STRICT_PROTOTYPES = YES;
				CLANG_WARN_SUSPICIOUS_MOVE = YES;
				CLANG_WARN_UNGUARDED_AVAILABILITY = YES_AGGRESSIVE;
				CLANG_WARN_UNREACHABLE_CODE = YES;
				CLANG_WARN__DUPLICATE_METHOD_MATCH = YES;
				COPY_PHASE_STRIP = NO;
				DEBUG_INFORMATION_FORMAT = dwarf;
				ENABLE_STRICT_OBJC_MSGSEND = YES;
				ENABLE_TESTABILITY = YES;
				GCC_C_LANGUAGE_STANDARD = gnu11;
				GCC_DYNAMIC_NO_PIC = NO;
				GCC_NO_COMMON_BLOCKS = YES;
				GCC_OPTIMIZATION_LEVEL = 0;
				GCC_PREPROCESSOR_DEFINITIONS = (
					"DEBUG=1",
					"$(inherited)",
				);
				GCC_WARN_64_TO_32_BIT_CONVERSION = YES;
				GCC_WARN_ABOUT_RETURN_TYPE = YES_ERROR;
				GCC_WARN_UNDECLARED_SELECTOR = YES;
				GCC_WARN_UNINITIALIZED_AUTOS = YES_AGGRESSIVE;
				GCC_WARN_UNUSED_FUNCTION = YES;
				GCC_WARN_UNUSED_VARIABLE = YES;
				IPHONEOS_DEPLOYMENT_TARGET = 16.4;
				MTL_ENABLE_DEBUG_INFO = INCLUDE_SOURCE;
				MTL_FAST_MATH = YES;
				ONLY_ACTIVE_ARCH = YES;
				SDKROOT = iphoneos;
				SWIFT_ACTIVE_COMPILATION_CONDITIONS = DEBUG;
				SWIFT_OPTIMIZATION_LEVEL = "-Onone";
			};
			name = Debug;
		};
		AC7F2A9B2C5758F1006BF014 /* Release */ = {
			isa = XCBuildConfiguration;
			buildSettings = {
				ALWAYS_SEARCH_USER_PATHS = NO;
				CLANG_ANALYZER_NONNULL = YES;
				CLANG_ANALYZER_NUMBER_OBJECT_CONVERSION = YES_AGGRESSIVE;
				CLANG_CXX_LANGUAGE_STANDARD = "gnu++20";
				CLANG_ENABLE_MODULES = YES;
				CLANG_ENABLE_OBJC_ARC = YES;
				CLANG_ENABLE_OBJC_WEAK = YES;
				CLANG_WARN_BLOCK_CAPTURE_AUTORELEASING = YES;
				CLANG_WARN_BOOL_CONVERSION = YES;
				CLANG_WARN_COMMA = YES;
				CLANG_WARN_CONSTANT_CONVERSION = YES;
				CLANG_WARN_DEPRECATED_OBJC_IMPLEMENTATIONS = YES;
				CLANG_WARN_DIRECT_OBJC_ISA_USAGE = YES_ERROR;
				CLANG_WARN_DOCUMENTATION_COMMENTS = YES;
				CLANG_WARN_EMPTY_BODY = YES;
				CLANG_WARN_ENUM_CONVERSION = YES;
				CLANG_WARN_INFINITE_RECURSION = YES;
				CLANG_WARN_INT_CONVERSION = YES;
				CLANG_WARN_NON_LITERAL_NULL_CONVERSION = YES;
				CLANG_WARN_OBJC_IMPLICIT_RETAIN_SELF = YES;
				CLANG_WARN_OBJC_LITERAL_CONVERSION = YES;
				CLANG_WARN_OBJC_ROOT_CLASS = YES_ERROR;
				CLANG_WARN_QUOTED_INCLUDE_IN_FRAMEWORK_HEADER = YES;
				CLANG_WARN_RANGE_LOOP_ANALYSIS = YES;
				CLANG_WARN_STRICT_PROTOTYPES = YES;
				CLANG_WARN_SUSPICIOUS_MOVE = YES;
				CLANG_WARN_UNGUARDED_AVAILABILITY = YES_AGGRESSIVE;
				CLANG_WARN_UNREACHABLE_CODE = YES;
				CLANG_WARN__DUPLICATE_METHOD_MATCH = YES;
				COPY_PHASE_STRIP = NO;
				DEBUG_INFORMATION_FORMAT = "dwarf-with-dsym";
				ENABLE_NS_ASSERTIONS = NO;
				ENABLE_STRICT_OBJC_MSGSEND = YES;
				GCC_C_LANGUAGE_STANDARD = gnu11;
				GCC_NO_COMMON_BLOCKS = YES;
				GCC_WARN_64_TO_32_BIT_CONVERSION = YES;
				GCC_WARN_ABOUT_RETURN_TYPE = YES_ERROR;
				GCC_WARN_UNDECLARED_SELECTOR = YES;
				GCC_WARN_UNINITIALIZED_AUTOS = YES_AGGRESSIVE;
				GCC_WARN_UNUSED_FUNCTION = YES;
				GCC_WARN_UNUSED_VARIABLE = YES;
				IPHONEOS_DEPLOYMENT_TARGET = 16.4;
				MTL_ENABLE_DEBUG_INFO = NO;
				MTL_FAST_MATH = YES;
				SDKROOT = iphoneos;
				SWIFT_COMPILATION_MODE = wholemodule;
				SWIFT_OPTIMIZATION_LEVEL = "-O";
				VALIDATE_PRODUCT = YES;
			};
			name = Release;
		};
		AC7F2A9D2C5758F1006BF014 /* Debug */ = {
			isa = XCBuildConfiguration;
			buildSettings = {
				ASSETCATALOG_COMPILER_APPICON_NAME = AppIcon;
				ASSETCATALOG_COMPILER_GLOBAL_ACCENT_COLOR_NAME = AccentColor;
				CODE_SIGN_STYLE = Automatic;
				CURRENT_PROJECT_VERSION = 1;
				DEVELOPMENT_TEAM = 98Y8UT5GH8;
				GENERATE_INFOPLIST_FILE = YES;
				INFOPLIST_FILE = XibProject/Info.plist;
				INFOPLIST_KEY_UIApplicationSupportsIndirectInputEvents = YES;
				INFOPLIST_KEY_UILaunchStoryboardName = LaunchScreen;
				INFOPLIST_KEY_UIMainStoryboardFile = Main;
				INFOPLIST_KEY_UISupportedInterfaceOrientations = UIInterfaceOrientationPortrait;
				IPHONEOS_DEPLOYMENT_TARGET = 15.0;
				LD_RUNPATH_SEARCH_PATHS = (
					"$(inherited)",
					"@executable_path/Frameworks",
				);
				MARKETING_VERSION = 1.0;
				PRODUCT_BUNDLE_IDENTIFIER = com.technotechtv.XibProject;
				PRODUCT_NAME = "$(TARGET_NAME)";
				SWIFT_EMIT_LOC_STRINGS = YES;
				SWIFT_VERSION = 5.0;
				TARGETED_DEVICE_FAMILY = "1,2";
			};
			name = Debug;
		};
		AC7F2A9E2C5758F1006BF014 /* Release */ = {
			isa = XCBuildConfiguration;
			buildSettings = {
				ASSETCATALOG_COMPILER_APPICON_NAME = AppIcon;
				ASSETCATALOG_COMPILER_GLOBAL_ACCENT_COLOR_NAME = AccentColor;
				CODE_SIGN_STYLE = Automatic;
				CURRENT_PROJECT_VERSION = 1;
				DEVELOPMENT_TEAM = 98Y8UT5GH8;
				GENERATE_INFOPLIST_FILE = YES;
				INFOPLIST_FILE = XibProject/Info.plist;
				INFOPLIST_KEY_UIApplicationSupportsIndirectInputEvents = YES;
				INFOPLIST_KEY_UILaunchStoryboardName = LaunchScreen;
				INFOPLIST_KEY_UIMainStoryboardFile = Main;
				INFOPLIST_KEY_UISupportedInterfaceOrientations = UIInterfaceOrientationPortrait;
				IPHONEOS_DEPLOYMENT_TARGET = 15.0;
				LD_RUNPATH_SEARCH_PATHS = (
					"$(inherited)",
					"@executable_path/Frameworks",
				);
				MARKETING_VERSION = 1.0;
				PRODUCT_BUNDLE_IDENTIFIER = com.technotechtv.XibProject;
				PRODUCT_NAME = "$(TARGET_NAME)";
				SWIFT_EMIT_LOC_STRINGS = YES;
				SWIFT_VERSION = 5.0;
				TARGETED_DEVICE_FAMILY = "1,2";
			};
			name = Release;
		};
		AC7F2AA02C5758F1006BF014 /* Debug */ = {
			isa = XCBuildConfiguration;
			buildSettings = {
				ALWAYS_EMBED_SWIFT_STANDARD_LIBRARIES = YES;
				BUNDLE_LOADER = "$(TEST_HOST)";
				CODE_SIGN_STYLE = Automatic;
				CURRENT_PROJECT_VERSION = 1;
				DEVELOPMENT_TEAM = 98Y8UT5GH8;
				GENERATE_INFOPLIST_FILE = YES;
				IPHONEOS_DEPLOYMENT_TARGET = 16.4;
				MARKETING_VERSION = 1.0;
				PRODUCT_BUNDLE_IDENTIFIER = com.technotechtv.XibProjectTests;
				PRODUCT_NAME = "$(TARGET_NAME)";
				SWIFT_EMIT_LOC_STRINGS = NO;
				SWIFT_VERSION = 5.0;
				TARGETED_DEVICE_FAMILY = "1,2";
				TEST_HOST = "$(BUILT_PRODUCTS_DIR)/XibProject.app/$(BUNDLE_EXECUTABLE_FOLDER_PATH)/XibProject";
			};
			name = Debug;
		};
		AC7F2AA12C5758F1006BF014 /* Release */ = {
			isa = XCBuildConfiguration;
			buildSettings = {
				ALWAYS_EMBED_SWIFT_STANDARD_LIBRARIES = YES;
				BUNDLE_LOADER = "$(TEST_HOST)";
				CODE_SIGN_STYLE = Automatic;
				CURRENT_PROJECT_VERSION = 1;
				DEVELOPMENT_TEAM = 98Y8UT5GH8;
				GENERATE_INFOPLIST_FILE = YES;
				IPHONEOS_DEPLOYMENT_TARGET = 16.4;
				MARKETING_VERSION = 1.0;
				PRODUCT_BUNDLE_IDENTIFIER = com.technotechtv.XibProjectTests;
				PRODUCT_NAME = "$(TARGET_NAME)";
				SWIFT_EMIT_LOC_STRINGS = NO;
				SWIFT_VERSION = 5.0;
				TARGETED_DEVICE_FAMILY = "1,2";
				TEST_HOST = "$(BUILT_PRODUCTS_DIR)/XibProject.app/$(BUNDLE_EXECUTABLE_FOLDER_PATH)/XibProject";
			};
			name = Release;
		};
		AC7F2AA32C5758F1006BF014 /* Debug */ = {
			isa = XCBuildConfiguration;
			buildSettings = {
				ALWAYS_EMBED_SWIFT_STANDARD_LIBRARIES = YES;
				CODE_SIGN_STYLE = Automatic;
				CURRENT_PROJECT_VERSION = 1;
				DEVELOPMENT_TEAM = 98Y8UT5GH8;
				GENERATE_INFOPLIST_FILE = YES;
				MARKETING_VERSION = 1.0;
				PRODUCT_BUNDLE_IDENTIFIER = com.technotechtv.XibProjectUITests;
				PRODUCT_NAME = "$(TARGET_NAME)";
				SWIFT_EMIT_LOC_STRINGS = NO;
				SWIFT_VERSION = 5.0;
				TARGETED_DEVICE_FAMILY = "1,2";
				TEST_TARGET_NAME = XibProject;
			};
			name = Debug;
		};
		AC7F2AA42C5758F1006BF014 /* Release */ = {
			isa = XCBuildConfiguration;
			buildSettings = {
				ALWAYS_EMBED_SWIFT_STANDARD_LIBRARIES = YES;
				CODE_SIGN_STYLE = Automatic;
				CURRENT_PROJECT_VERSION = 1;
				DEVELOPMENT_TEAM = 98Y8UT5GH8;
				GENERATE_INFOPLIST_FILE = YES;
				MARKETING_VERSION = 1.0;
				PRODUCT_BUNDLE_IDENTIFIER = com.technotechtv.XibProjectUITests;
				PRODUCT_NAME = "$(TARGET_NAME)";
				SWIFT_EMIT_LOC_STRINGS = NO;
				SWIFT_VERSION = 5.0;
				TARGETED_DEVICE_FAMILY = "1,2";
				TEST_TARGET_NAME = XibProject;
			};
			name = Release;
		};
/* End XCBuildConfiguration section */

/* Begin XCConfigurationList section */
		AC7F2A6D2C5758EE006BF014 /* Build configuration list for PBXProject "XibProject" */ = {
			isa = XCConfigurationList;
			buildConfigurations = (
				AC7F2A9A2C5758F1006BF014 /* Debug */,
				AC7F2A9B2C5758F1006BF014 /* Release */,
			);
			defaultConfigurationIsVisible = 0;
			defaultConfigurationName = Release;
		};
		AC7F2A9C2C5758F1006BF014 /* Build configuration list for PBXNativeTarget "XibProject" */ = {
			isa = XCConfigurationList;
			buildConfigurations = (
				AC7F2A9D2C5758F1006BF014 /* Debug */,
				AC7F2A9E2C5758F1006BF014 /* Release */,
			);
			defaultConfigurationIsVisible = 0;
			defaultConfigurationName = Release;
		};
		AC7F2A9F2C5758F1006BF014 /* Build configuration list for PBXNativeTarget "XibProjectTests" */ = {
			isa = XCConfigurationList;
			buildConfigurations = (
				AC7F2AA02C5758F1006BF014 /* Debug */,
				AC7F2AA12C5758F1006BF014 /* Release */,
			);
			defaultConfigurationIsVisible = 0;
			defaultConfigurationName = Release;
		};
		AC7F2AA22C5758F1006BF014 /* Build configuration list for PBXNativeTarget "XibProjectUITests" */ = {
			isa = XCConfigurationList;
			buildConfigurations = (
				AC7F2AA32C5758F1006BF014 /* Debug */,
				AC7F2AA42C5758F1006BF014 /* Release */,
			);
			defaultConfigurationIsVisible = 0;
			defaultConfigurationName = Release;
		};
/* End XCConfigurationList section */
	};
	rootObject = AC7F2A6A2C5758EE006BF014 /* Project object */;
}
